// !$*UTF8*$!
{
	archiveVersion = 1;
	classes = {
	};
	objectVersion = 50;
	objects = {

/* Begin PBXBuildFile section */
		C6E472022721C7EA00AC7E96 /* Furniture_appApp.swift in Sources */ = {isa = PBXBuildFile; fileRef = C6E472012721C7EA00AC7E96 /* Furniture_appApp.swift */; };
		C6E472042721C7EA00AC7E96 /* ContentView.swift in Sources */ = {isa = PBXBuildFile; fileRef = C6E472032721C7EA00AC7E96 /* ContentView.swift */; };
		C6E472062721C7EC00AC7E96 /* Assets.xcassets in Resources */ = {isa = PBXBuildFile; fileRef = C6E472052721C7EC00AC7E96 /* Assets.xcassets */; };
		C6E472092721C7ED00AC7E96 /* Preview Assets.xcassets in Resources */ = {isa = PBXBuildFile; fileRef = C6E472082721C7EC00AC7E96 /* Preview Assets.xcassets */; };
		C6E472302721F59900AC7E96 /* teapot.usdz in Resources */ = {isa = PBXBuildFile; fileRef = C6E4722D2721F59900AC7E96 /* teapot.usdz */; };
		C6E472312721F59900AC7E96 /* cup_saucer_set.usdz in Resources */ = {isa = PBXBuildFile; fileRef = C6E4722E2721F59900AC7E96 /* cup_saucer_set.usdz */; };
		C6E472322721F59900AC7E96 /* redchair.usdz in Resources */ = {isa = PBXBuildFile; fileRef = C6E4722F2721F59900AC7E96 /* redchair.usdz */; };
		C6E472342721FAB200AC7E96 /* ControlView.swift in Sources */ = {isa = PBXBuildFile; fileRef = C6E472332721FAB200AC7E96 /* ControlView.swift */; };
/* End PBXBuildFile section */

/* Begin PBXContainerItemProxy section */
		C6E472102721C7ED00AC7E96 /* PBXContainerItemProxy */ = {
			isa = PBXContainerItemProxy;
			containerPortal = C6E471F62721C7EA00AC7E96 /* Project object */;
			proxyType = 1;
			remoteGlobalIDString = C6E471FD2721C7EA00AC7E96;
			remoteInfo = "Furniture app";
		};
		C6E4721B2721C7ED00AC7E96 /* PBXContainerItemProxy */ = {
			isa = PBXContainerItemProxy;
			containerPortal = C6E471F62721C7EA00AC7E96 /* Project object */;
			proxyType = 1;
			remoteGlobalIDString = C6E471FD2721C7EA00AC7E96;
			remoteInfo = "Furniture app";
		};
/* End PBXContainerItemProxy section */

/* Begin PBXFileReference section */
		C6E471FE2721C7EA00AC7E96 /* Furniture app.app */ = {isa = PBXFileReference; explicitFileType = wrapper.application; includeInIndex = 0; path = "Furniture app.app"; sourceTree = BUILT_PRODUCTS_DIR; };
		C6E472012721C7EA00AC7E96 /* Furniture_appApp.swift */ = {isa = PBXFileReference; lastKnownFileType = sourcecode.swift; path = Furniture_appApp.swift; sourceTree = "<group>"; };
		C6E472032721C7EA00AC7E96 /* ContentView.swift */ = {isa = PBXFileReference; lastKnownFileType = sourcecode.swift; path = ContentView.swift; sourceTree = "<group>"; };
		C6E472052721C7EC00AC7E96 /* Assets.xcassets */ = {isa = PBXFileReference; lastKnownFileType = folder.assetcatalog; path = Assets.xcassets; sourceTree = "<group>"; };
		C6E472082721C7EC00AC7E96 /* Preview Assets.xcassets */ = {isa = PBXFileReference; lastKnownFileType = folder.assetcatalog; path = "Preview Assets.xcassets"; sourceTree = "<group>"; };
		C6E4720A2721C7ED00AC7E96 /* Info.plist */ = {isa = PBXFileReference; lastKnownFileType = text.plist.xml; path = Info.plist; sourceTree = "<group>"; };
		C6E4720F2721C7ED00AC7E96 /* Furniture appTests.xctest */ = {isa = PBXFileReference; explicitFileType = wrapper.cfbundle; includeInIndex = 0; path = "Furniture appTests.xctest"; sourceTree = BUILT_PRODUCTS_DIR; };
		C6E4721A2721C7ED00AC7E96 /* Furniture appUITests.xctest */ = {isa = PBXFileReference; explicitFileType = wrapper.cfbundle; includeInIndex = 0; path = "Furniture appUITests.xctest"; sourceTree = BUILT_PRODUCTS_DIR; };
		C6E4722D2721F59900AC7E96 /* teapot.usdz */ = {isa = PBXFileReference; lastKnownFileType = file.usdz; path = teapot.usdz; sourceTree = "<group>"; };
		C6E4722E2721F59900AC7E96 /* cup_saucer_set.usdz */ = {isa = PBXFileReference; lastKnownFileType = file.usdz; path = cup_saucer_set.usdz; sourceTree = "<group>"; };
		C6E4722F2721F59900AC7E96 /* redchair.usdz */ = {isa = PBXFileReference; lastKnownFileType = file.usdz; path = redchair.usdz; sourceTree = "<group>"; };
		C6E472332721FAB200AC7E96 /* ControlView.swift */ = {isa = PBXFileReference; lastKnownFileType = sourcecode.swift; path = ControlView.swift; sourceTree = "<group>"; };
/* End PBXFileReference section */

/* Begin PBXFrameworksBuildPhase section */
		C6E471FB2721C7EA00AC7E96 /* Frameworks */ = {
			isa = PBXFrameworksBuildPhase;
			buildActionMask = 2147483647;
			files = (
			);
			runOnlyForDeploymentPostprocessing = 0;
		};
		C6E4720C2721C7ED00AC7E96 /* Frameworks */ = {
			isa = PBXFrameworksBuildPhase;
			buildActionMask = 2147483647;
			files = (
			);
			runOnlyForDeploymentPostprocessing = 0;
		};
		C6E472172721C7ED00AC7E96 /* Frameworks */ = {
			isa = PBXFrameworksBuildPhase;
			buildActionMask = 2147483647;
			files = (
			);
			runOnlyForDeploymentPostprocessing = 0;
		};
/* End PBXFrameworksBuildPhase section */

/* Begin PBXGroup section */
		C6E471F52721C7EA00AC7E96 = {
			isa = PBXGroup;
			children = (
				C6E472002721C7EA00AC7E96 /* Furniture app */,
				C6E471FF2721C7EA00AC7E96 /* Products */,
			);
			sourceTree = "<group>";
		};
		C6E471FF2721C7EA00AC7E96 /* Products */ = {
			isa = PBXGroup;
			children = (
				C6E471FE2721C7EA00AC7E96 /* Furniture app.app */,
				C6E4720F2721C7ED00AC7E96 /* Furniture appTests.xctest */,
				C6E4721A2721C7ED00AC7E96 /* Furniture appUITests.xctest */,
			);
			name = Products;
			sourceTree = "<group>";
		};
		C6E472002721C7EA00AC7E96 /* Furniture app */ = {
			isa = PBXGroup;
			children = (
				C6E472012721C7EA00AC7E96 /* Furniture_appApp.swift */,
				C6E472032721C7EA00AC7E96 /* ContentView.swift */,
				C6E472332721FAB200AC7E96 /* ControlView.swift */,
				C6E472052721C7EC00AC7E96 /* Assets.xcassets */,
				C6E4720A2721C7ED00AC7E96 /* Info.plist */,
				C6E4722C2721F54E00AC7E96 /* 3D Assets */,
				C6E472072721C7EC00AC7E96 /* Preview Content */,
			);
			path = "Furniture app";
			sourceTree = "<group>";
		};
		C6E472072721C7EC00AC7E96 /* Preview Content */ = {
			isa = PBXGroup;
			children = (
				C6E472082721C7EC00AC7E96 /* Preview Assets.xcassets */,
			);
			path = "Preview Content";
			sourceTree = "<group>";
		};
		C6E4722C2721F54E00AC7E96 /* 3D Assets */ = {
			isa = PBXGroup;
			children = (
				C6E4722E2721F59900AC7E96 /* cup_saucer_set.usdz */,
				C6E4722F2721F59900AC7E96 /* redchair.usdz */,
				C6E4722D2721F59900AC7E96 /* teapot.usdz */,
			);
			path = "3D Assets";
			sourceTree = "<group>";
		};
/* End PBXGroup section */

/* Begin PBXNativeTarget section */
		C6E471FD2721C7EA00AC7E96 /* Furniture app */ = {
			isa = PBXNativeTarget;
			buildConfigurationList = C6E472232721C7ED00AC7E96 /* Build configuration list for PBXNativeTarget "Furniture app" */;
			buildPhases = (
				C6E471FA2721C7EA00AC7E96 /* Sources */,
				C6E471FB2721C7EA00AC7E96 /* Frameworks */,
				C6E471FC2721C7EA00AC7E96 /* Resources */,
			);
			buildRules = (
			);
			dependencies = (
			);
			name = "Furniture app";
			productName = "Furniture app";
			productReference = C6E471FE2721C7EA00AC7E96 /* Furniture app.app */;
			productType = "com.apple.product-type.application";
		};
		C6E4720E2721C7ED00AC7E96 /* Furniture appTests */ = {
			isa = PBXNativeTarget;
			buildConfigurationList = C6E472262721C7ED00AC7E96 /* Build configuration list for PBXNativeTarget "Furniture appTests" */;
			buildPhases = (
				C6E4720B2721C7ED00AC7E96 /* Sources */,
				C6E4720C2721C7ED00AC7E96 /* Frameworks */,
				C6E4720D2721C7ED00AC7E96 /* Resources */,
			);
			buildRules = (
			);
			dependencies = (
				C6E472112721C7ED00AC7E96 /* PBXTargetDependency */,
			);
			name = "Furniture appTests";
			productName = "Furniture appTests";
			productReference = C6E4720F2721C7ED00AC7E96 /* Furniture appTests.xctest */;
			productType = "com.apple.product-type.bundle.unit-test";
		};
		C6E472192721C7ED00AC7E96 /* Furniture appUITests */ = {
			isa = PBXNativeTarget;
			buildConfigurationList = C6E472292721C7ED00AC7E96 /* Build configuration list for PBXNativeTarget "Furniture appUITests" */;
			buildPhases = (
				C6E472162721C7ED00AC7E96 /* Sources */,
				C6E472172721C7ED00AC7E96 /* Frameworks */,
				C6E472182721C7ED00AC7E96 /* Resources */,
			);
			buildRules = (
			);
			dependencies = (
				C6E4721C2721C7ED00AC7E96 /* PBXTargetDependency */,
			);
			name = "Furniture appUITests";
			productName = "Furniture appUITests";
			productReference = C6E4721A2721C7ED00AC7E96 /* Furniture appUITests.xctest */;
			productType = "com.apple.product-type.bundle.ui-testing";
		};
/* End PBXNativeTarget section */

/* Begin PBXProject section */
		C6E471F62721C7EA00AC7E96 /* Project object */ = {
			isa = PBXProject;
			attributes = {
				LastSwiftUpdateCheck = 1250;
				LastUpgradeCheck = 1250;
				TargetAttributes = {
					C6E471FD2721C7EA00AC7E96 = {
						CreatedOnToolsVersion = 12.5.1;
					};
					C6E4720E2721C7ED00AC7E96 = {
						CreatedOnToolsVersion = 12.5.1;
						TestTargetID = C6E471FD2721C7EA00AC7E96;
					};
					C6E472192721C7ED00AC7E96 = {
						CreatedOnToolsVersion = 12.5.1;
						TestTargetID = C6E471FD2721C7EA00AC7E96;
					};
				};
			};
			buildConfigurationList = C6E471F92721C7EA00AC7E96 /* Build configuration list for PBXProject "Furniture app" */;
			compatibilityVersion = "Xcode 9.3";
			developmentRegion = en;
			hasScannedForEncodings = 0;
			knownRegions = (
				en,
				Base,
			);
			mainGroup = C6E471F52721C7EA00AC7E96;
			productRefGroup = C6E471FF2721C7EA00AC7E96 /* Products */;
			projectDirPath = "";
			projectRoot = "";
			targets = (
				C6E471FD2721C7EA00AC7E96 /* Furniture app */,
				C6E4720E2721C7ED00AC7E96 /* Furniture appTests */,
				C6E472192721C7ED00AC7E96 /* Furniture appUITests */,
			);
		};
/* End PBXProject section */

/* Begin PBXResourcesBuildPhase section */
		C6E471FC2721C7EA00AC7E96 /* Resources */ = {
			isa = PBXResourcesBuildPhase;
			buildActionMask = 2147483647;
			files = (
				C6E472322721F59900AC7E96 /* redchair.usdz in Resources */,
				C6E472312721F59900AC7E96 /* cup_saucer_set.usdz in Resources */,
				C6E472302721F59900AC7E96 /* teapot.usdz in Resources */,
				C6E472092721C7ED00AC7E96 /* Preview Assets.xcassets in Resources */,
				C6E472062721C7EC00AC7E96 /* Assets.xcassets in Resources */,
			);
			runOnlyForDeploymentPostprocessing = 0;
		};
		C6E4720D2721C7ED00AC7E96 /* Resources */ = {
			isa = PBXResourcesBuildPhase;
			buildActionMask = 2147483647;
			files = (
			);
			runOnlyForDeploymentPostprocessing = 0;
		};
		C6E472182721C7ED00AC7E96 /* Resources */ = {
			isa = PBXResourcesBuildPhase;
			buildActionMask = 2147483647;
			files = (
			);
			runOnlyForDeploymentPostprocessing = 0;
		};
/* End PBXResourcesBuildPhase section */

/* Begin PBXSourcesBuildPhase section */
		C6E471FA2721C7EA00AC7E96 /* Sources */ = {
			isa = PBXSourcesBuildPhase;
			buildActionMask = 2147483647;
			files = (
				C6E472042721C7EA00AC7E96 /* ContentView.swift in Sources */,
				C6E472342721FAB200AC7E96 /* ControlView.swift in Sources */,
				C6E472022721C7EA00AC7E96 /* Furniture_appApp.swift in Sources */,
			);
			runOnlyForDeploymentPostprocessing = 0;
		};
		C6E4720B2721C7ED00AC7E96 /* Sources */ = {
			isa = PBXSourcesBuildPhase;
			buildActionMask = 2147483647;
			files = (
			);
			runOnlyForDeploymentPostprocessing = 0;
		};
		C6E472162721C7ED00AC7E96 /* Sources */ = {
			isa = PBXSourcesBuildPhase;
			buildActionMask = 2147483647;
			files = (
			);
			runOnlyForDeploymentPostprocessing = 0;
		};
/* End PBXSourcesBuildPhase section */

/* Begin PBXTargetDependency section */
		C6E472112721C7ED00AC7E96 /* PBXTargetDependency */ = {
			isa = PBXTargetDependency;
			target = C6E471FD2721C7EA00AC7E96 /* Furniture app */;
			targetProxy = C6E472102721C7ED00AC7E96 /* PBXContainerItemProxy */;
		};
		C6E4721C2721C7ED00AC7E96 /* PBXTargetDependency */ = {
			isa = PBXTargetDependency;
			target = C6E471FD2721C7EA00AC7E96 /* Furniture app */;
			targetProxy = C6E4721B2721C7ED00AC7E96 /* PBXContainerItemProxy */;
		};
/* End PBXTargetDependency section */

/* Begin XCBuildConfiguration section */
		C6E472212721C7ED00AC7E96 /* Debug */ = {
			isa = XCBuildConfiguration;
			buildSettings = {
				ALWAYS_SEARCH_USER_PATHS = NO;
				CLANG_ANALYZER_NONNULL = YES;
				CLANG_ANALYZER_NUMBER_OBJECT_CONVERSION = YES_AGGRESSIVE;
				CLANG_CXX_LANGUAGE_STANDARD = "gnu++14";
				CLANG_CXX_LIBRARY = "libc++";
				CLANG_ENABLE_MODULES = YES;
				CLANG_ENABLE_OBJC_ARC = YES;
				CLANG_ENABLE_OBJC_WEAK = YES;
				CLANG_WARN_BLOCK_CAPTURE_AUTORELEASING = YES;
				CLANG_WARN_BOOL_CONVERSION = YES;
				CLANG_WARN_COMMA = YES;
				CLANG_WARN_CONSTANT_CONVERSION = YES;
				CLANG_WARN_DEPRECATED_OBJC_IMPLEMENTATIONS = YES;
				CLANG_WARN_DIRECT_OBJC_ISA_USAGE = YES_ERROR;
				CLANG_WARN_DOCUMENTATION_COMMENTS = YES;
				CLANG_WARN_EMPTY_BODY = YES;
				CLANG_WARN_ENUM_CONVERSION = YES;
				CLANG_WARN_INFINITE_RECURSION = YES;
				CLANG_WARN_INT_CONVERSION = YES;
				CLANG_WARN_NON_LITERAL_NULL_CONVERSION = YES;
				CLANG_WARN_OBJC_IMPLICIT_RETAIN_SELF = YES;
				CLANG_WARN_OBJC_LITERAL_CONVERSION = YES;
				CLANG_WARN_OBJC_ROOT_CLASS = YES_ERROR;
				CLANG_WARN_QUOTED_INCLUDE_IN_FRAMEWORK_HEADER = YES;
				CLANG_WARN_RANGE_LOOP_ANALYSIS = YES;
				CLANG_WARN_STRICT_PROTOTYPES = YES;
				CLANG_WARN_SUSPICIOUS_MOVE = YES;
				CLANG_WARN_UNGUARDED_AVAILABILITY = YES_AGGRESSIVE;
				CLANG_WARN_UNREACHABLE_CODE = YES;
				CLANG_WARN__DUPLICATE_METHOD_MATCH = YES;
				COPY_PHASE_STRIP = NO;
				DEBUG_INFORMATION_FORMAT = dwarf;
				ENABLE_STRICT_OBJC_MSGSEND = YES;
				ENABLE_TESTABILITY = YES;
				GCC_C_LANGUAGE_STANDARD = gnu11;
				GCC_DYNAMIC_NO_PIC = NO;
				GCC_NO_COMMON_BLOCKS = YES;
				GCC_OPTIMIZATION_LEVEL = 0;
				GCC_PREPROCESSOR_DEFINITIONS = (
					"DEBUG=1",
					"$(inherited)",
				);
				GCC_WARN_64_TO_32_BIT_CONVERSION = YES;
				GCC_WARN_ABOUT_RETURN_TYPE = YES_ERROR;
				GCC_WARN_UNDECLARED_SELECTOR = YES;
				GCC_WARN_UNINITIALIZED_AUTOS = YES_AGGRESSIVE;
				GCC_WARN_UNUSED_FUNCTION = YES;
				GCC_WARN_UNUSED_VARIABLE = YES;
				IPHONEOS_DEPLOYMENT_TARGET = 14.5;
				MTL_ENABLE_DEBUG_INFO = INCLUDE_SOURCE;
				MTL_FAST_MATH = YES;
				ONLY_ACTIVE_ARCH = YES;
				SDKROOT = iphoneos;
				SWIFT_ACTIVE_COMPILATION_CONDITIONS = DEBUG;
				SWIFT_OPTIMIZATION_LEVEL = "-Onone";
			};
			name = Debug;
		};
		C6E472222721C7ED00AC7E96 /* Release */ = {
			isa = XCBuildConfiguration;
			buildSettings = {
				ALWAYS_SEARCH_USER_PATHS = NO;
				CLANG_ANALYZER_NONNULL = YES;
				CLANG_ANALYZER_NUMBER_OBJECT_CONVERSION = YES_AGGRESSIVE;
				CLANG_CXX_LANGUAGE_STANDARD = "gnu++14";
				CLANG_CXX_LIBRARY = "libc++";
				CLANG_ENABLE_MODULES = YES;
				CLANG_ENABLE_OBJC_ARC = YES;
				CLANG_ENABLE_OBJC_WEAK = YES;
				CLANG_WARN_BLOCK_CAPTURE_AUTORELEASING = YES;
				CLANG_WARN_BOOL_CONVERSION = YES;
				CLANG_WARN_COMMA = YES;
				CLANG_WARN_CONSTANT_CONVERSION = YES;
				CLANG_WARN_DEPRECATED_OBJC_IMPLEMENTATIONS = YES;
				CLANG_WARN_DIRECT_OBJC_ISA_USAGE = YES_ERROR;
				CLANG_WARN_DOCUMENTATION_COMMENTS = YES;
				CLANG_WARN_EMPTY_BODY = YES;
				CLANG_WARN_ENUM_CONVERSION = YES;
				CLANG_WARN_INFINITE_RECURSION = YES;
				CLANG_WARN_INT_CONVERSION = YES;
				CLANG_WARN_NON_LITERAL_NULL_CONVERSION = YES;
				CLANG_WARN_OBJC_IMPLICIT_RETAIN_SELF = YES;
				CLANG_WARN_OBJC_LITERAL_CONVERSION = YES;
				CLANG_WARN_OBJC_ROOT_CLASS = YES_ERROR;
				CLANG_WARN_QUOTED_INCLUDE_IN_FRAMEWORK_HEADER = YES;
				CLANG_WARN_RANGE_LOOP_ANALYSIS = YES;
				CLANG_WARN_STRICT_PROTOTYPES = YES;
				CLANG_WARN_SUSPICIOUS_MOVE = YES;
				CLANG_WARN_UNGUARDED_AVAILABILITY = YES_AGGRESSIVE;
				CLANG_WARN_UNREACHABLE_CODE = YES;
				CLANG_WARN__DUPLICATE_METHOD_MATCH = YES;
				COPY_PHASE_STRIP = NO;
				DEBUG_INFORMATION_FORMAT = "dwarf-with-dsym";
				ENABLE_NS_ASSERTIONS = NO;
				ENABLE_STRICT_OBJC_MSGSEND = YES;
				GCC_C_LANGUAGE_STANDARD = gnu11;
				GCC_NO_COMMON_BLOCKS = YES;
				GCC_WARN_64_TO_32_BIT_CONVERSION = YES;
				GCC_WARN_ABOUT_RETURN_TYPE = YES_ERROR;
				GCC_WARN_UNDECLARED_SELECTOR = YES;
				GCC_WARN_UNINITIALIZED_AUTOS = YES_AGGRESSIVE;
				GCC_WARN_UNUSED_FUNCTION = YES;
				GCC_WARN_UNUSED_VARIABLE = YES;
				IPHONEOS_DEPLOYMENT_TARGET = 14.5;
				MTL_ENABLE_DEBUG_INFO = NO;
				MTL_FAST_MATH = YES;
				SDKROOT = iphoneos;
				SWIFT_COMPILATION_MODE = wholemodule;
				SWIFT_OPTIMIZATION_LEVEL = "-O";
				VALIDATE_PRODUCT = YES;
			};
			name = Release;
		};
		C6E472242721C7ED00AC7E96 /* Debug */ = {
			isa = XCBuildConfiguration;
			buildSettings = {
				ASSETCATALOG_COMPILER_APPICON_NAME = AppIcon;
				ASSETCATALOG_COMPILER_GLOBAL_ACCENT_COLOR_NAME = AccentColor;
				CODE_SIGN_STYLE = Automatic;
				DEVELOPMENT_ASSET_PATHS = "\"Furniture app/Preview Content\"";
				DEVELOPMENT_TEAM = YXKH3RC58L;
				ENABLE_PREVIEWS = YES;
				INFOPLIST_FILE = "Furniture app/Info.plist";
				IPHONEOS_DEPLOYMENT_TARGET = 14.0;
				LD_RUNPATH_SEARCH_PATHS = (
					"$(inherited)",
					"@executable_path/Frameworks",
				);
				PRODUCT_BUNDLE_IDENTIFIER = "com.danieljstvincent.www.Furniture-app";
				PRODUCT_NAME = "$(TARGET_NAME)";
				SWIFT_VERSION = 5.0;
				TARGETED_DEVICE_FAMILY = "1,2";
			};
			name = Debug;
		};
		C6E472252721C7ED00AC7E96 /* Release */ = {
			isa = XCBuildConfiguration;
			buildSettings = {
				ASSETCATALOG_COMPILER_APPICON_NAME = AppIcon;
				ASSETCATALOG_COMPILER_GLOBAL_ACCENT_COLOR_NAME = AccentColor;
				CODE_SIGN_STYLE = Automatic;
				DEVELOPMENT_ASSET_PATHS = "\"Furniture app/Preview Content\"";
				DEVELOPMENT_TEAM = YXKH3RC58L;
				ENABLE_PREVIEWS = YES;
				INFOPLIST_FILE = "Furniture app/Info.plist";
				IPHONEOS_DEPLOYMENT_TARGET = 14.0;
				LD_RUNPATH_SEARCH_PATHS = (
					"$(inherited)",
					"@executable_path/Frameworks",
				);
				PRODUCT_BUNDLE_IDENTIFIER = "com.danieljstvincent.www.Furniture-app";
				PRODUCT_NAME = "$(TARGET_NAME)";
				SWIFT_VERSION = 5.0;
				TARGETED_DEVICE_FAMILY = "1,2";
			};
			name = Release;
		};
		C6E472272721C7ED00AC7E96 /* Debug */ = {
			isa = XCBuildConfiguration;
			buildSettings = {
				ALWAYS_EMBED_SWIFT_STANDARD_LIBRARIES = YES;
				BUNDLE_LOADER = "$(TEST_HOST)";
				CODE_SIGN_STYLE = Automatic;
				DEVELOPMENT_TEAM = YXKH3RC58L;
				INFOPLIST_FILE = "Furniture appTests/Info.plist";
				IPHONEOS_DEPLOYMENT_TARGET = 14.0;
				LD_RUNPATH_SEARCH_PATHS = (
					"$(inherited)",
					"@executable_path/Frameworks",
					"@loader_path/Frameworks",
				);
				PRODUCT_BUNDLE_IDENTIFIER = "com.danieljstvincent.www.Furniture-appTests";
				PRODUCT_NAME = "$(TARGET_NAME)";
				SWIFT_VERSION = 5.0;
				TARGETED_DEVICE_FAMILY = "1,2";
				TEST_HOST = "$(BUILT_PRODUCTS_DIR)/Furniture app.app/Furniture app";
			};
			name = Debug;
		};
		C6E472282721C7ED00AC7E96 /* Release */ = {
			isa = XCBuildConfiguration;
			buildSettings = {
				ALWAYS_EMBED_SWIFT_STANDARD_LIBRARIES = YES;
				BUNDLE_LOADER = "$(TEST_HOST)";
				CODE_SIGN_STYLE = Automatic;
				DEVELOPMENT_TEAM = YXKH3RC58L;
				INFOPLIST_FILE = "Furniture appTests/Info.plist";
				IPHONEOS_DEPLOYMENT_TARGET = 14.0;
				LD_RUNPATH_SEARCH_PATHS = (
					"$(inherited)",
					"@executable_path/Frameworks",
					"@loader_path/Frameworks",
				);
				PRODUCT_BUNDLE_IDENTIFIER = "com.danieljstvincent.www.Furniture-appTests";
				PRODUCT_NAME = "$(TARGET_NAME)";
				SWIFT_VERSION = 5.0;
				TARGETED_DEVICE_FAMILY = "1,2";
				TEST_HOST = "$(BUILT_PRODUCTS_DIR)/Furniture app.app/Furniture app";
			};
			name = Release;
		};
		C6E4722A2721C7ED00AC7E96 /* Debug */ = {
			isa = XCBuildConfiguration;
			buildSettings = {
				ALWAYS_EMBED_SWIFT_STANDARD_LIBRARIES = YES;
				CODE_SIGN_STYLE = Automatic;
				DEVELOPMENT_TEAM = YXKH3RC58L;
				INFOPLIST_FILE = "Furniture appUITests/Info.plist";
				LD_RUNPATH_SEARCH_PATHS = (
					"$(inherited)",
					"@executable_path/Frameworks",
					"@loader_path/Frameworks",
				);
				PRODUCT_BUNDLE_IDENTIFIER = "com.danieljstvincent.www.Furniture-appUITests";
				PRODUCT_NAME = "$(TARGET_NAME)";
				SWIFT_VERSION = 5.0;
				TARGETED_DEVICE_FAMILY = "1,2";
				TEST_TARGET_NAME = "Furniture app";
			};
			name = Debug;
		};
		C6E4722B2721C7ED00AC7E96 /* Release */ = {
			isa = XCBuildConfiguration;
			buildSettings = {
				ALWAYS_EMBED_SWIFT_STANDARD_LIBRARIES = YES;
				CODE_SIGN_STYLE = Automatic;
				DEVELOPMENT_TEAM = YXKH3RC58L;
				INFOPLIST_FILE = "Furniture appUITests/Info.plist";
				LD_RUNPATH_SEARCH_PATHS = (
					"$(inherited)",
					"@executable_path/Frameworks",
					"@loader_path/Frameworks",
				);
				PRODUCT_BUNDLE_IDENTIFIER = "com.danieljstvincent.www.Furniture-appUITests";
				PRODUCT_NAME = "$(TARGET_NAME)";
				SWIFT_VERSION = 5.0;
				TARGETED_DEVICE_FAMILY = "1,2";
				TEST_TARGET_NAME = "Furniture app";
			};
			name = Release;
		};
/* End XCBuildConfiguration section */

/* Begin XCConfigurationList section */
		C6E471F92721C7EA00AC7E96 /* Build configuration list for PBXProject "Furniture app" */ = {
			isa = XCConfigurationList;
			buildConfigurations = (
				C6E472212721C7ED00AC7E96 /* Debug */,
				C6E472222721C7ED00AC7E96 /* Release */,
			);
			defaultConfigurationIsVisible = 0;
			defaultConfigurationName = Release;
		};
		C6E472232721C7ED00AC7E96 /* Build configuration list for PBXNativeTarget "Furniture app" */ = {
			isa = XCConfigurationList;
			buildConfigurations = (
				C6E472242721C7ED00AC7E96 /* Debug */,
				C6E472252721C7ED00AC7E96 /* Release */,
			);
			defaultConfigurationIsVisible = 0;
			defaultConfigurationName = Release;
		};
		C6E472262721C7ED00AC7E96 /* Build configuration list for PBXNativeTarget "Furniture appTests" */ = {
			isa = XCConfigurationList;
			buildConfigurations = (
				C6E472272721C7ED00AC7E96 /* Debug */,
				C6E472282721C7ED00AC7E96 /* Release */,
			);
			defaultConfigurationIsVisible = 0;
			defaultConfigurationName = Release;
		};
		C6E472292721C7ED00AC7E96 /* Build configuration list for PBXNativeTarget "Furniture appUITests" */ = {
			isa = XCConfigurationList;
			buildConfigurations = (
				C6E4722A2721C7ED00AC7E96 /* Debug */,
				C6E4722B2721C7ED00AC7E96 /* Release */,
			);
			defaultConfigurationIsVisible = 0;
			defaultConfigurationName = Release;
		};
/* End XCConfigurationList section */
	};
	rootObject = C6E471F62721C7EA00AC7E96 /* Project object */;
}
